
Microsoft Visual Studio Solution File, Format Version 12.00
# Visual Studio Version 17
VisualStudioVersion = 17.12.35521.163
MinimumVisualStudioVersion = 10.0.40219.1
Project("{FAE04EC0-301F-11D3-BF4B-00C04F79EFBC}") = "BookManager", "BookManager\BookManager.csproj", "{459B9B8F-7AFF-4059-8498-CC0A1ECA8516}"
EndProject
Project("{2150E333-8FDC-42A3-9474-1A3956D46DE8}") = "src", "src", "{5D5B41B2-7461-495A-A7A5-5871BF6BC415}"
EndProject
Project("{2150E333-8FDC-42A3-9474-1A3956D46DE8}") = "test", "test", "{253007A7-3532-4D85-96F9-AFCC09B192FB}"
EndProject
Project("{2150E333-8FDC-42A3-9474-1A3956D46DE8}") = "Core", "Core", "{8F603EE6-A9BD-4DD1-B947-D2ABBBC3421C}"
EndProject
Project("{2150E333-8FDC-42A3-9474-1A3956D46DE8}") = "Infrastructer", "Infrastructer", "{02B6AEBE-CC77-4E5C-9B8A-79A589B00621}"
EndProject
Project("{2150E333-8FDC-42A3-9474-1A3956D46DE8}") = "Presentation", "Presentation", "{BC9DDD73-4E92-4658-A418-B24DADD4B661}"
EndProject
Project("{FAE04EC0-301F-11D3-BF4B-00C04F79EFBC}") = "BookManager.Domain", "BookManager.Domain\BookManager.Domain.csproj", "{69567399-A2AF-4D9B-A6ED-113092AC9E98}"
EndProject
Project("{FAE04EC0-301F-11D3-BF4B-00C04F79EFBC}") = "BookManager.Application", "BookManager.Application\BookManager.Application.csproj", "{74D73535-2F2A-4BF2-9D93-083856C5F197}"
EndProject
Project("{FAE04EC0-301F-11D3-BF4B-00C04F79EFBC}") = "BookManager.Persistence", "BookManager.Persistence\BookManager.Persistence.csproj", "{703F82FE-E08C-47A9-9419-34C410CD6447}"
EndProject
Project("{E53339B2-1760-4266-BCC7-CA923CBCF16C}") = "docker-compose", "docker-compose.dcproj", "{AE0FFD20-5D83-46A4-BD8D-3344C7AC3AE4}"
EndProject
Global
	GlobalSection(SolutionConfigurationPlatforms) = preSolution
		Debug|Any CPU = Debug|Any CPU
		Release|Any CPU = Release|Any CPU
	EndGlobalSection
	GlobalSection(ProjectConfigurationPlatforms) = postSolution
		{459B9B8F-7AFF-4059-8498-CC0A1ECA8516}.Debug|Any CPU.ActiveCfg = Debug|Any CPU
		{459B9B8F-7AFF-4059-8498-CC0A1ECA8516}.Debug|Any CPU.Build.0 = Debug|Any CPU
		{459B9B8F-7AFF-4059-8498-CC0A1ECA8516}.Release|Any CPU.ActiveCfg = Release|Any CPU
		{459B9B8F-7AFF-4059-8498-CC0A1ECA8516}.Release|Any CPU.Build.0 = Release|Any CPU
		{69567399-A2AF-4D9B-A6ED-113092AC9E98}.Debug|Any CPU.ActiveCfg = Debug|Any CPU
		{69567399-A2AF-4D9B-A6ED-113092AC9E98}.Debug|Any CPU.Build.0 = Debug|Any CPU
		{69567399-A2AF-4D9B-A6ED-113092AC9E98}.Release|Any CPU.ActiveCfg = Release|Any CPU
		{69567399-A2AF-4D9B-A6ED-113092AC9E98}.Release|Any CPU.Build.0 = Release|Any CPU
		{74D73535-2F2A-4BF2-9D93-083856C5F197}.Debug|Any CPU.ActiveCfg = Debug|Any CPU
		{74D73535-2F2A-4BF2-9D93-083856C5F197}.Debug|Any CPU.Build.0 = Debug|Any CPU
		{74D73535-2F2A-4BF2-9D93-083856C5F197}.Release|Any CPU.ActiveCfg = Release|Any CPU
		{74D73535-2F2A-4BF2-9D93-083856C5F197}.Release|Any CPU.Build.0 = Release|Any CPU
		{703F82FE-E08C-47A9-9419-34C410CD6447}.Debug|Any CPU.ActiveCfg = Debug|Any CPU
		{703F82FE-E08C-47A9-9419-34C410CD6447}.Debug|Any CPU.Build.0 = Debug|Any CPU
		{703F82FE-E08C-47A9-9419-34C410CD6447}.Release|Any CPU.ActiveCfg = Release|Any CPU
		{703F82FE-E08C-47A9-9419-34C410CD6447}.Release|Any CPU.Build.0 = Release|Any CPU
		{AE0FFD20-5D83-46A4-BD8D-3344C7AC3AE4}.Debug|Any CPU.ActiveCfg = Debug|Any CPU
		{AE0FFD20-5D83-46A4-BD8D-3344C7AC3AE4}.Debug|Any CPU.Build.0 = Debug|Any CPU
		{AE0FFD20-5D83-46A4-BD8D-3344C7AC3AE4}.Release|Any CPU.ActiveCfg = Release|Any CPU
		{AE0FFD20-5D83-46A4-BD8D-3344C7AC3AE4}.Release|Any CPU.Build.0 = Release|Any CPU
	EndGlobalSection
	GlobalSection(SolutionProperties) = preSolution
		HideSolutionNode = FALSE
	EndGlobalSection
	GlobalSection(NestedProjects) = preSolution
		{459B9B8F-7AFF-4059-8498-CC0A1ECA8516} = {BC9DDD73-4E92-4658-A418-B24DADD4B661}
		{8F603EE6-A9BD-4DD1-B947-D2ABBBC3421C} = {5D5B41B2-7461-495A-A7A5-5871BF6BC415}
		{02B6AEBE-CC77-4E5C-9B8A-79A589B00621} = {5D5B41B2-7461-495A-A7A5-5871BF6BC415}
		{BC9DDD73-4E92-4658-A418-B24DADD4B661} = {5D5B41B2-7461-495A-A7A5-5871BF6BC415}
		{69567399-A2AF-4D9B-A6ED-113092AC9E98} = {8F603EE6-A9BD-4DD1-B947-D2ABBBC3421C}
		{74D73535-2F2A-4BF2-9D93-083856C5F197} = {8F603EE6-A9BD-4DD1-B947-D2ABBBC3421C}
		{703F82FE-E08C-47A9-9419-34C410CD6447} = {02B6AEBE-CC77-4E5C-9B8A-79A589B00621}
	EndGlobalSection
EndGlobal
